# This file is autogenerated, do not edit; changes may be undone by the next 'dep ensure'.


[[projects]]
  branch = "master"
  digest = "1:8dc8015c47f43b21062d32349012ff3db8d38fef547b5b676d2b549d63fadbae"
  name = "github.com/LK4D4/joincontext"
  packages = ["."]
  pruneopts = "UT"
  revision = "1724345da6d5bcc8b66fefb843b607ab918e175c"

[[projects]]
  digest = "1:f9ae348e1f793dcf9ed930ed47136a67343dbd6809c5c91391322267f4476892"
  name = "github.com/Microsoft/go-winio"
  packages = ["."]
  pruneopts = "UT"
  revision = "97e4973ce50b2ff5f09635a57e2b88a037aae829"
  version = "v0.4.11"

[[projects]]
  digest = "1:87c2e02fb01c27060ccc5ba7c5a407cc91147726f8f40b70cceeedbc52b1f3a8"
  name = "github.com/Sirupsen/logrus"
  packages = ["."]
  pruneopts = "UT"
  revision = "e1e72e9de974bd926e5c56f83753fba2df402ce5"
  version = "v1.3.0"

[[projects]]
  digest = "1:e92f5581902c345eb4ceffdcd4a854fb8f73cf436d47d837d1ec98ef1fe0a214"
  name = "github.com/StackExchange/wmi"
  packages = ["."]
  pruneopts = "UT"
  revision = "5d049714c4a64225c3c79a7cf7d02f7fb5b96338"
  version = "1.0.0"

[[projects]]
  branch = "master"
  digest = "1:752f1e64a07686d354c797fbde07c21f3d0e5a24f096858dbb731765a7e6a449"
  name = "github.com/armon/circbuf"
  packages = ["."]
  pruneopts = "UT"
  revision = "bbbad097214e2918d8543d5201d12bfd7bca254d"

[[projects]]
  branch = "master"
  digest = "1:ef5b0622d834c139454148b8fd0c92bb314828900532b267ae62da9fec109866"
  name = "github.com/armon/go-metrics"
  packages = ["."]
  pruneopts = "UT"
  revision = "f0300d1749da6fa982027e449ec0c7a145510c3c"

[[projects]]
  digest = "1:e2a10da95e6193b03c32f89fda417dd8cf06457ffb60b606c4e150fea88a9e7c"
  name = "github.com/containerd/fifo"
  packages = ["."]
  pruneopts = "UT"
  revision = "3d5202aec260678c48179c56f40e6f38a095738c"

[[projects]]
  digest = "1:6b718c04f32653fbce5873e889e9bc5bb363e934e7b621d750e19c807cb701e3"
  name = "github.com/coreos/go-systemd"
  packages = [
    "dbus",
    "util",
  ]
  pruneopts = "UT"
  revision = "b4a58d95188dd092ae20072bac14cece0e67c388"
  version = "v4"

[[projects]]
  digest = "1:38483e4108de600a1a2ccc170086aa811a9fc756be1f1f6e63ddaa5968211bca"
  name = "github.com/docker/docker"
  packages = [
    "pkg/mount",
    "pkg/symlink",
  ]
  pruneopts = "UT"
  revision = "0f5c9d301b9b1cca66b3ea0f9dec3b5317d3686d"

[[projects]]
  digest = "1:9784615ffeb7d28da907cff799c9daafd8a8132d7dc5fccb902ff075cce63aea"
  name = "github.com/docker/go-units"
  packages = ["."]
  pruneopts = "UT"
  revision = "9b001659dd36225e356b4467c465d732e745f53d"
  version = "v0.1.0"

[[projects]]
  digest = "1:c96d16a4451e48e2c44b2c3531fd8ec9248d822637f1911a88959ca0bcae4a64"
  name = "github.com/go-ole/go-ole"
  packages = [
    ".",
    "oleutil",
  ]
  pruneopts = "UT"
  revision = "39dc8486bd0952279431257138bc428275b86797"
  version = "v1.2.2"

[[projects]]
  digest = "1:b3d20bcdedab2050e6bc58e52f4fdc46f710b4c74e1a1ecee262ebec1aee7b6e"
  name = "github.com/godbus/dbus"
  packages = ["."]
  pruneopts = "UT"
  revision = "2ff6f7ffd60f0f2410b3105864bdd12c7894f844"
  version = "v5.0.1"

[[projects]]
  digest = "1:8f0705fa33e8957018611cc81c65cb373b626c092d39931bb86882489fc4c3f4"
  name = "github.com/golang/protobuf"
  packages = [
    "proto",
    "ptypes",
    "ptypes/any",
    "ptypes/duration",
    "ptypes/timestamp",
    "ptypes/wrappers",
  ]
  pruneopts = "UT"
  revision = "aa810b61a9c79d51363740d207bb46cf8e620ed5"
  version = "v1.2.0"

[[projects]]
  digest = "1:e3f17aa0eb8c151426d23cb767ae50f5b42c46533db3424761ee639b56ab9041"
  name = "github.com/gorhill/cronexpr"
  packages = ["."]
  pruneopts = "UT"
  revision = "a557574d6c024ed6e36acc8b610f5f211c91568a"
  version = "1.0.0"

[[projects]]
  digest = "1:7d9085638f210faa86720b5fe8c4cd9303edb853ed93929852a4384a4e6c956f"
  name = "github.com/hashicorp/consul"
  packages = ["api"]
  pruneopts = "UT"
  revision = "fb848fc48818f58690db09d14640513aa6bf3c02"
  version = "v1.0.7"

[[projects]]
  digest = "1:f94addeed89e043b111b5f83c6a8d658776aed3414e3f1e5c97fa80a419db4fe"
  name = "github.com/hashicorp/consul-template"
  packages = ["signals"]
  pruneopts = "UT"
  revision = "f8c8205caf458dfd0ecab69d029ab112803aa587"
  version = "v0.19.5"

[[projects]]
  digest = "1:0ade334594e69404d80d9d323445d2297ff8161637f9b2d347cc6973d2d6f05b"
  name = "github.com/hashicorp/errwrap"
  packages = ["."]
  pruneopts = "UT"
  revision = "8a6fb523712970c966eefc6b39ed2c5e74880354"
  version = "v1.0.0"

[[projects]]
  digest = "1:77cb3be9b21ba7f1a4701e870c84ea8b66e7d74c7c8951c58155fdadae9414ec"
  name = "github.com/hashicorp/go-cleanhttp"
  packages = ["."]
  pruneopts = "UT"
  revision = "d5fe4b57a186c716b0e00b8c301cbd9b4182694d"

[[projects]]
  branch = "master"
  digest = "1:0876aeb6edb07e20b6b0ce1d346655cb63dbe0a26ccfb47b68a9b7697709777b"
  name = "github.com/hashicorp/go-hclog"
  packages = ["."]
  pruneopts = "UT"
  revision = "4783caec6f2e5cdd47fab8b2bb47ce2ce5c546b7"

[[projects]]
  digest = "1:858428d08a69bc8ea68a09deb63b07907d8e48266b19e19b21dfe05d5e77bb66"
  name = "github.com/hashicorp/go-immutable-radix"
  packages = ["."]
  pruneopts = "UT"
  revision = "8aac2701530899b64bdea735a1de8da899815220"

[[projects]]
  digest = "1:b8ba23b0b493e601d5ebaf21079bd3433eb304a5d73c0fb40b8aea526e94f46b"
  name = "github.com/hashicorp/go-msgpack"
  packages = ["codec"]
  pruneopts = "UT"
  revision = "fa3f63826f7c23912c15263591e65d54d080b458"

[[projects]]
  digest = "1:9e6e28e4a4a21fc0e3448a519ac1b1979d03c9cb15ceeee0004e5912cf37f763"
  name = "github.com/hashicorp/go-multierror"
  packages = ["."]
  pruneopts = "UT"
  revision = "d30f09973e19c1dfcd120b2d9c4f168e68d6b5d5"

[[projects]]
  branch = "master"
  digest = "1:1f0c8665817a698bf12c6ad29922d6cdb85ecaa54dd404d77f91f58c6bccd84e"
  name = "github.com/hashicorp/go-plugin"
  packages = [
    ".",
    "internal/proto",
  ]
  pruneopts = "UT"
  revision = "f444068e8f5a19853177f7aa0aea7e7d95b5b528"

[[projects]]
  digest = "1:45aad874d3c7d5e8610427c81870fb54970b981692930ec2a319ce4cb89d7a00"
  name = "github.com/hashicorp/go-rootcerts"
  packages = ["."]
  pruneopts = "UT"
  revision = "6bb64b370b90e7ef1fa532be9e591a81c3493e00"

[[projects]]
  digest = "1:77395dd3847dac9c45118c668f5dab85aedf0163dc3b38aea6578c5cf0d502f9"
  name = "github.com/hashicorp/go-version"
  packages = ["."]
  pruneopts = "UT"
  revision = "b5a281d3160aa11950a6182bd9a9dc2cb1e02d50"
  version = "v1.0.0"

[[projects]]
  digest = "1:3f90d23757c18b1e07bf11494dbe737ee2c44d881c0f41e681611abdadad62fa"
  name = "github.com/hashicorp/golang-lru"
  packages = [
    ".",
    "simplelru",
  ]
  pruneopts = "UT"
  revision = "a0d98a5f288019575c6d1f4bb1573fef2d1fcdc4"

[[projects]]
  digest = "1:1569ecaa0d58425d100322dadc429ff1ec0999876067088eac6f62d1073d7f10"
  name = "github.com/hashicorp/hcl"
  packages = [
    ".",
    "hcl/ast",
    "hcl/parser",
    "hcl/scanner",
    "hcl/strconv",
    "hcl/token",
    "json/parser",
    "json/scanner",
    "json/token",
  ]
  pruneopts = "UT"
  revision = "6e968a3fcdcbab092f5307fd0d85479d5af1e4dc"

[[projects]]
  branch = "master"
  digest = "1:c74481ee355bef40f80bf27460d632d61d62b79fb7d408a3bf35c3c033ddef8d"
  name = "github.com/hashicorp/nomad"
  packages = [
    "acl",
    "client/allocdir",
    "client/lib/fifo",
    "client/stats",
    "client/structs",
    "drivers/shared/eventer",
    "drivers/shared/executor",
    "drivers/shared/executor/proto",
    "helper",
    "helper/args",
    "helper/discover",
    "helper/flatmap",
    "helper/pluginutils/grpcutils",
    "helper/stats",
    "helper/uuid",
    "lib/kheap",
    "nomad/structs",
    "plugins",
    "plugins/base",
    "plugins/base/proto",
    "plugins/base/structs",
    "plugins/device",
    "plugins/device/proto",
    "plugins/drivers",
    "plugins/drivers/proto",
    "plugins/shared/hclspec",
    "plugins/shared/structs",
    "plugins/shared/structs/proto",
  ]
  pruneopts = "UT"
  revision = "22d6e0de390bf73fc75526c0184dcae575f56510"

[[projects]]
  branch = "master"
  digest = "1:33270976f307b7c48080dcf81615aa6ae622038e8365b840fa46887e38cb4c26"
  name = "github.com/hashicorp/raft"
  packages = ["."]
  pruneopts = "UT"
  revision = "9c733b2b7f53115c5ef261a90ce912a1bb49e970"

[[projects]]
  digest = "1:acc81e4e4289587b257ccdfccbc6eaf16d4c2fb57dda73c6bb349bf50f02501f"
  name = "github.com/hashicorp/serf"
  packages = ["coordinate"]
  pruneopts = "UT"
  revision = "b6017ae61f4420ed0c02d5eeeb9ff3fc02953f14"

[[projects]]
  branch = "master"
  digest = "1:a4826c308e84f5f161b90b54a814f0be7d112b80164b9b884698a6903ea47ab3"
  name = "github.com/hashicorp/yamux"
  packages = ["."]
  pruneopts = "UT"
  revision = "2f1d1f20f75d5404f53b9edf6b53ed5505508675"

[[projects]]
  branch = "master"
  digest = "1:8522157986de3a94d88b6938867e36cdc70c5167de1308ad6164fa5b0ce8255d"
  name = "github.com/hpcloud/tail"
  packages = [
    "util",
    "watch",
  ]
  pruneopts = "UT"
  revision = "a1dbeea552b7c8df4b542c66073e393de198a800"

[[projects]]
  digest = "1:0a69a1c0db3591fcefb47f115b224592c8dfa4368b7ba9fae509d5e16cdc95c8"
  name = "github.com/konsorten/go-windows-terminal-sequences"
  packages = ["."]
  pruneopts = "UT"
  revision = "5c8c8bd35d3832f5d134ae1e1e375b69a4d25242"
  version = "v1.0.1"

[[projects]]
  digest = "1:dfb4eb6168a4e7f16e9fda5b9164013a0f5a8eb06bb5ca3a1980964a7beedde4"
  name = "github.com/mitchellh/copystructure"
  packages = ["."]
  pruneopts = "UT"
  revision = "d23ffcb85de31694d6ccaa23ccb4a03e55c1303f"

[[projects]]
  digest = "1:5d231480e1c64a726869bc4142d270184c419749d34f167646baa21008eb0a79"
  name = "github.com/mitchellh/go-homedir"
  packages = ["."]
  pruneopts = "UT"
  revision = "af06845cf3004701891bf4fdb884bfe4920b3727"
  version = "v1.1.0"

[[projects]]
  branch = "master"
  digest = "1:d0c95a34e79df79eb96ca870d6b6fc43361d34c9c05495f93a5ad0077f7bbb24"
  name = "github.com/mitchellh/go-ps"
  packages = ["."]
  pruneopts = "UT"
  revision = "4fdf99ab29366514c69ccccddab5dc58b8d84062"

[[projects]]
  digest = "1:42eb1f52b84a06820cedc9baec2e710bfbda3ee6dac6cdb97f8b9a5066134ec6"
  name = "github.com/mitchellh/go-testing-interface"
  packages = ["."]
  pruneopts = "UT"
  revision = "6d0b8010fcc857872e42fc6c931227569016843c"
  version = "v1.0.0"

[[projects]]
  digest = "1:7ca97256ce83a55a1b54d87408b8975d4062a4ed14fa38cefadd4a8c8b03b22b"
  name = "github.com/mitchellh/hashstructure"
  packages = ["."]
  pruneopts = "UT"
  revision = "1ef5c71b025aef149d12346356ac5973992860bc"

[[projects]]
  branch = "master"
  digest = "1:53bc4cd4914cd7cd52139990d5170d6dc99067ae31c56530621b18b35fc30318"
  name = "github.com/mitchellh/mapstructure"
  packages = ["."]
  pruneopts = "UT"
  revision = "3536a929edddb9a5b34bd6861dc4a9647cb459fe"

[[projects]]
  digest = "1:bcc07ad6f62e6d8958692ff89c8ac1c64eb92de66330f98b7e9bdb72cc017a84"
  name = "github.com/mitchellh/reflectwalk"
  packages = ["."]
  pruneopts = "UT"
  revision = "eecee6c969c02c8cc2ae48e1e269843ae8590796"
  version = "v1.0.0"

[[projects]]
  digest = "1:9ec6cf1df5ad1d55cf41a43b6b1e7e118a91bade4f68ff4303379343e40c0e25"
  name = "github.com/oklog/run"
  packages = ["."]
  pruneopts = "UT"
  revision = "4dadeb3030eda0273a12382bb2348ffc7c9d1a39"
  version = "v1.0.0"

[[projects]]
  digest = "1:a04460b46fdf0557c94bded1e80ced1258e3de6303f4418cdeb2833a4f00b182"
  name = "github.com/opencontainers/runc"
  packages = [
    "libcontainer",
    "libcontainer/apparmor",
    "libcontainer/cgroups",
    "libcontainer/cgroups/fs",
    "libcontainer/cgroups/systemd",
    "libcontainer/configs",
    "libcontainer/configs/validate",
    "libcontainer/criurpc",
    "libcontainer/devices",
    "libcontainer/keys",
    "libcontainer/label",
    "libcontainer/seccomp",
    "libcontainer/selinux",
    "libcontainer/stacktrace",
    "libcontainer/system",
    "libcontainer/user",
    "libcontainer/utils",
  ]
  pruneopts = "UT"
  revision = "baf6536d6259209c3edfa2b22237af82942d3dfa"
  version = "v0.1.1"

[[projects]]
  digest = "1:cf31692c14422fa27c83a05292eb5cbe0fb2775972e8f1f8446a71549bd8980b"
  name = "github.com/pkg/errors"
  packages = ["."]
  pruneopts = "UT"
  revision = "ba968bfe8b2f7e042a574c888954fccecfa385b4"
  version = "v0.8.1"

[[projects]]
  digest = "1:5b92d232e81c3e8eec282c92dcaa2e0e1ad3c23157be19a01b3e33f7e6e8d137"
  name = "github.com/ryanuber/go-glob"
  packages = ["."]
  pruneopts = "UT"
  revision = "256dc444b735e061061cf46c809487313d5b0065"

[[projects]]
  digest = "1:aa70e7b685945f8c3cc98527b0121b792b067a8d4590ed6c2b7dc719f19ddc92"
  name = "github.com/seccomp/libseccomp-golang"
  packages = ["."]
  pruneopts = "UT"
  revision = "1b506fc7c24eec5a3693cdcbed40d9c226cfc6a1"

[[projects]]
  digest = "1:22e4289b3741da96aceecc4d1dcbf682ae167c759d010fd88c63c65c9a2e8c72"
  name = "github.com/shirou/gopsutil"
  packages = [
    "cpu",
    "disk",
    "host",
    "internal/common",
    "mem",
    "net",
    "process",
  ]
  pruneopts = "UT"
  revision = "8048a2e9c5773235122027dd585cf821b2af1249"
  version = "v2.18.07"

[[projects]]
  branch = "master"
  digest = "1:99c6a6dab47067c9b898e8c8b13d130c6ab4ffbcc4b7cc6236c2cd0b1e344f5b"
  name = "github.com/shirou/w32"
  packages = ["."]
  pruneopts = "UT"
  revision = "bb4de0191aa41b5507caa14b0650cdbddcd9280b"

[[projects]]
  digest = "1:61dea68981ea2eb81b704274895fa694d0baedfbe3d57483082438d68d86dc6e"
  name = "github.com/sylabs/singularity"
  packages = ["pkg/util/user-agent"]
  pruneopts = "UT"
  revision = "5613010262d6bdc66656ac941483c2d2ac37c0bd"
  version = "v3.0.3"

[[projects]]
  digest = "1:9130855ec01069fe76969bb7b5d2cbb3b427cc3f50c84be1df98c074e7fb16d8"
  name = "github.com/syndtr/gocapability"
  packages = ["capability"]
  pruneopts = "UT"
  revision = "db04d3cc01c8b54962a58ec7e491717d06cfcc16"

[[projects]]
  digest = "1:420eec79669470df8c45f18c2d41da99d1d95a154bbde6d1682af7429b5681db"
  name = "github.com/ugorji/go"
  packages = ["codec"]
  pruneopts = "UT"
  revision = "0053ebfd9d0ee06ccefbfe17072021e1d4acebee"

[[projects]]
  digest = "1:365c9bfa94a8448c3304ad385aa3a2ad36d7108004912ac3d8a9d28b3eee1d3e"
  name = "github.com/vishvananda/netlink"
  packages = [
    ".",
    "nl",
  ]
  pruneopts = "UT"
  revision = "1e2e08e8a2dcdacaae3f14ac44c5cfa31361f270"

[[projects]]
  digest = "1:3810ea14d85aabc511e032f8c817e4f2276af72ea4346f223725e0aaaf1f5c10"
  name = "github.com/vmihailenco/msgpack"
  packages = [
    ".",
    "codes",
  ]
  pruneopts = "UT"
  revision = "b962d79429a3c5135cca9ed528943f1551ec04df"
  version = "v4.0.2"

[[projects]]
  digest = "1:15ece68b5c7a8adfd956284fd61571a8bc70858e448fff4b45924425b3bc53d4"
  name = "github.com/zclconf/go-cty"
  packages = [
    "cty",
    "cty/convert",
    "cty/msgpack",
    "cty/set",
  ]
  pruneopts = "UT"
  revision = "02bd58e97b5759d478019c5a6333edbfdfed16a0"

[[projects]]
  digest = "1:e2e7844b869ad253565d88dcb1eb14f5ab0f7342cd52f2eea5af7c71f1ea82c4"
  name = "golang.org/x/crypto"
  packages = [
    "blake2b",
    "ssh/terminal",
  ]
  pruneopts = "UT"
  revision = "de0752318171da717af4ce24d0a2e8626afaeb11"

[[projects]]
  branch = "master"
  digest = "1:fc7b6b4384e1e849d99eab58eca4f8c0a76bad4699117d5077a9a5c3c83e289e"
  name = "golang.org/x/net"
  packages = [
    "context",
    "http/httpguts",
    "http2",
    "http2/hpack",
    "idna",
    "internal/timeseries",
    "trace",
  ]
  pruneopts = "UT"
  revision = "d26f9f9a57f3fab6a695bec0d84433c2c50f8bbf"

[[projects]]
  digest = "1:1da9d2022068957b5a7080b0f94d3d81bdba624a5ce7467912bd6d4330ba2c3f"
  name = "golang.org/x/sys"
  packages = [
    "cpu",
    "unix",
    "windows",
  ]
  pruneopts = "UT"
  revision = "1b2967e3c290b7c545b3db0deeda16e9be4f98a2"

[[projects]]
  digest = "1:a2ab62866c75542dd18d2b069fec854577a20211d7c0ea6ae746072a1dccdd18"
  name = "golang.org/x/text"
  packages = [
    "collate",
    "collate/build",
    "internal/colltab",
    "internal/gen",
    "internal/tag",
    "internal/triegen",
    "internal/ucd",
    "language",
    "secure/bidirule",
    "transform",
    "unicode/bidi",
    "unicode/cldr",
    "unicode/norm",
    "unicode/rangetable",
  ]
  pruneopts = "UT"
  revision = "f21a4dfb5e38f5895301dc265a8def02365cc3d0"
  version = "v0.3.0"

[[projects]]
  digest = "1:56dfffc6e6ceeaebb6db73e02a846a92a850c53130078682993bd028a2ef717d"
  name = "google.golang.org/appengine"
  packages = [
    ".",
    "datastore",
    "internal",
    "internal/app_identity",
    "internal/base",
    "internal/datastore",
    "internal/log",
    "internal/modules",
    "internal/remote_api",
  ]
  pruneopts = "UT"
  revision = "e9657d882bb81064595ca3b56cbe2546bbabf7b1"
  version = "v1.4.0"

[[projects]]
  branch = "master"
  digest = "1:077c1c599507b3b3e9156d17d36e1e61928ee9b53a5b420f10f28ebd4a0b275c"
  name = "google.golang.org/genproto"
  packages = ["googleapis/rpc/status"]
  pruneopts = "UT"
  revision = "aa24cbd621fe1e2867110ea8c673d99a1a92efdc"

[[projects]]
  digest = "1:0480cf6171496546c80bdf942021f268e99798217450425fd365a8e834f0dc20"
  name = "google.golang.org/grpc"
  packages = [
    ".",
    "balancer",
    "balancer/base",
    "balancer/roundrobin",
    "codes",
    "connectivity",
    "credentials",
    "encoding",
    "encoding/proto",
    "grpclog",
    "health",
    "health/grpc_health_v1",
    "internal",
    "internal/backoff",
    "internal/channelz",
    "internal/envconfig",
    "internal/grpcrand",
    "internal/transport",
    "keepalive",
    "metadata",
    "naming",
    "peer",
    "resolver",
    "resolver/dns",
    "resolver/passthrough",
    "stats",
    "status",
    "tap",
  ]
  pruneopts = "UT"
  revision = "b534d2d20e596ca053e3070dc1745432d0cc91a6"

[[projects]]
  digest = "1:abeb38ade3f32a92943e5be54f55ed6d6e3b6602761d74b4aab4c9dd45c18abd"
  name = "gopkg.in/fsnotify/fsnotify.v1"
  packages = ["."]
  pruneopts = "UT"
  revision = "c2828203cd70a50dcccfb2761f8b1f8ceef9a8e9"
  version = "v1.4.7"

[[projects]]
  branch = "v1"
  digest = "1:0caa92e17bc0b65a98c63e5bc76a9e844cd5e56493f8fdbb28fad101a16254d9"
  name = "gopkg.in/tomb.v1"
  packages = ["."]
  pruneopts = "UT"
  revision = "dd632973f1e7218eb1089048e0798ec9ae7dceb8"

[solve-meta]
  analyzer-name = "dep"
  analyzer-version = 1
  input-imports = [
    "github.com/hashicorp/go-hclog",
    "github.com/hashicorp/go-plugin",
    "github.com/hashicorp/nomad/drivers/shared/eventer",
    "github.com/hashicorp/nomad/drivers/shared/executor",
    "github.com/hashicorp/nomad/plugins",
    "github.com/hashicorp/nomad/plugins/base",
    "github.com/hashicorp/nomad/plugins/drivers",
    "github.com/hashicorp/nomad/plugins/shared/hclspec",
    "github.com/sylabs/singularity/pkg/util/user-agent",
  ]
  solver-name = "gps-cdcl"
  solver-version = 1
